{
  "name": "local-pkg",
  "lockfileVersion": 3,
  "requires": true,
  "packages": {
    "": {
      "name": "local-pkg",
      "dependencies": {
        "@ext-scoped/with-export-map": "0.2.0",
        "ext-pkg-without-export-map": "0.1.0"
      }
    },
    "node_modules/@ext-scoped/with-export-map": {
      "version": "0.2.0"
    },
    "node_modules/ext-pkg-without-export-map": {
      "version": "0.1.0"
    }
  }
}
